<Project xmlns="http://schemas.microsoft.com/developer/msbuild/2003">
    <PropertyGroup>
        <ProjectGuid>{2BAF01A7-5596-444B-89D1-47A1A4550C45}</ProjectGuid>
        <MainSource>DDevExtensionsReg.dpr</MainSource>
        <Config Condition="'$(Config)'==''">Release</Config>
        <DCC_DCCCompiler>DCC32</DCC_DCCCompiler>
        <ProjectVersion>20.1</ProjectVersion>
        <Basis>True</Basis>
        <AppType>Application</AppType>
        <FrameworkType>VCL</FrameworkType>
        <Base>True</Base>
        <Platform Condition="'$(Platform)'==''">Win32</Platform>
        <TargetedPlatforms>1</TargetedPlatforms>
        <Platform>Win32</Platform>
    </PropertyGroup>
    <PropertyGroup Condition="'$(Config)'=='Base' or '$(Base)'!=''">
        <Base>true</Base>
    </PropertyGroup>
    <PropertyGroup Condition="('$(Platform)'=='Win32' and '$(Base)'=='true') or '$(Base_Win32)'!=''">
        <Base_Win32>true</Base_Win32>
        <CfgParent>Base</CfgParent>
        <Base>true</Base>
    </PropertyGroup>
    <PropertyGroup Condition="('$(Platform)'=='Win64' and '$(Base)'=='true') or '$(Base_Win64)'!=''">
        <Base_Win64>true</Base_Win64>
        <CfgParent>Base</CfgParent>
        <Base>true</Base>
    </PropertyGroup>
    <PropertyGroup Condition="'$(Config)'=='Release' or '$(Cfg_1)'!=''">
        <Cfg_1>true</Cfg_1>
        <CfgParent>Base</CfgParent>
        <Base>true</Base>
    </PropertyGroup>
    <PropertyGroup Condition="('$(Platform)'=='Win32' and '$(Cfg_1)'=='true') or '$(Cfg_1_Win32)'!=''">
        <Cfg_1_Win32>true</Cfg_1_Win32>
        <CfgParent>Cfg_1</CfgParent>
        <Cfg_1>true</Cfg_1>
        <Base>true</Base>
    </PropertyGroup>
    <PropertyGroup Condition="'$(Config)'=='Debug' or '$(Cfg_2)'!=''">
        <Cfg_2>true</Cfg_2>
        <CfgParent>Base</CfgParent>
        <Base>true</Base>
    </PropertyGroup>
    <PropertyGroup Condition="('$(Platform)'=='Win32' and '$(Cfg_2)'=='true') or '$(Cfg_2_Win32)'!=''">
        <Cfg_2_Win32>true</Cfg_2_Win32>
        <CfgParent>Cfg_2</CfgParent>
        <Cfg_2>true</Cfg_2>
        <Base>true</Base>
    </PropertyGroup>
    <PropertyGroup Condition="'$(Base)'!=''">
        <VerInfo_Build>575</VerInfo_Build>
        <VerInfo_Locale>1031</VerInfo_Locale>
        <VerInfo_Keys>CompanyName=Andreas Hausladen;FileVersion=2.7.0.575;InternalName=;LegalCopyright=(C) 2006-2013 Andreas Hausladen;LegalTrademarks=;OriginalFilename=;ProductName=DDevExtensions;ProductVersion=2.7;Comments=</VerInfo_Keys>
        <VerInfo_IncludeVerInfo>true</VerInfo_IncludeVerInfo>
        <DCC_Namespace>Vcl;Vcl.Imaging;Vcl.Touch;Vcl.Samples;Vcl.Shell;System;Xml;Data;Datasnap;Web;Soap;Winapi;System.Win;$(DCC_Namespace)</DCC_Namespace>
        <VerInfo_MajorVer>2</VerInfo_MajorVer>
        <VerInfo_MinorVer>7</VerInfo_MinorVer>
        <DCC_ImageBase>00400000</DCC_ImageBase>
        <DCC_DependencyCheckOutputName>..\bin\InstallDDevExtensions.exe</DCC_DependencyCheckOutputName>
        <DCC_MapFile>3</DCC_MapFile>
        <DCC_GenerateStackFrames>true</DCC_GenerateStackFrames>
        <DCC_UsePackage>vcl;rtl;vclx;$(DCC_UsePackage)</DCC_UsePackage>
        <DCC_RangeChecking>true</DCC_RangeChecking>
        <DCC_Platform>x86</DCC_Platform>
        <DCC_ExeOutput>..\bin</DCC_ExeOutput>
        <DCC_F>false</DCC_F>
        <DCC_E>false</DCC_E>
        <DCC_K>false</DCC_K>
        <DCC_S>false</DCC_S>
        <DCC_N>true</DCC_N>
        <DCC_SymbolReferenceInfo>1</DCC_SymbolReferenceInfo>
        <DCC_IntegerOverflowCheck>true</DCC_IntegerOverflowCheck>
        <DCC_DcuOutput>.</DCC_DcuOutput>
        <SanitizedProjectName>DDevExtensionsReg</SanitizedProjectName>
    </PropertyGroup>
    <PropertyGroup Condition="'$(Base_Win32)'!=''">
        <UWP_DelphiLogo44>$(BDS)\bin\Artwork\Windows\UWP\delphi_UwpDefault_44.png</UWP_DelphiLogo44>
        <UWP_DelphiLogo150>$(BDS)\bin\Artwork\Windows\UWP\delphi_UwpDefault_150.png</UWP_DelphiLogo150>
    </PropertyGroup>
    <PropertyGroup Condition="'$(Base_Win64)'!=''">
        <UWP_DelphiLogo44>$(BDS)\bin\Artwork\Windows\UWP\delphi_UwpDefault_44.png</UWP_DelphiLogo44>
        <UWP_DelphiLogo150>$(BDS)\bin\Artwork\Windows\UWP\delphi_UwpDefault_150.png</UWP_DelphiLogo150>
    </PropertyGroup>
    <PropertyGroup Condition="'$(Cfg_1)'!=''">
        <DCC_LocalDebugSymbols>false</DCC_LocalDebugSymbols>
        <DCC_Define>RELEASE;$(DCC_Define)</DCC_Define>
        <DCC_SymbolReferenceInfo>0</DCC_SymbolReferenceInfo>
        <DCC_DebugInformation>0</DCC_DebugInformation>
    </PropertyGroup>
    <PropertyGroup Condition="'$(Cfg_1_Win32)'!=''">
        <BT_BuildType>Debug</BT_BuildType>
        <Manifest_File>(Ohne)</Manifest_File>
        <DCC_MapFile>0</DCC_MapFile>
        <AppDPIAwarenessMode>none</AppDPIAwarenessMode>
    </PropertyGroup>
    <PropertyGroup Condition="'$(Cfg_2)'!=''">
        <VerInfo_MinorVer>7</VerInfo_MinorVer>
        <DCC_Define>DEBUG;$(DCC_Define)</DCC_Define>
    </PropertyGroup>
    <PropertyGroup Condition="'$(Cfg_2_Win32)'!=''">
        <BT_BuildType>Debug</BT_BuildType>
        <Manifest_File>(Ohne)</Manifest_File>
    </PropertyGroup>
    <ItemGroup>
        <DelphiCompile Include="$(MainSource)">
            <MainSource>MainSource</MainSource>
        </DelphiCompile>
        <DCCReference Include="Main.pas">
            <Form>FormMain</Form>
        </DCCReference>
        <DCCReference Include="..\Source\AppConsts.pas"/>
        <BuildConfiguration Include="Base">
            <Key>Base</Key>
        </BuildConfiguration>
        <BuildConfiguration Include="Release">
            <Key>Cfg_1</Key>
            <CfgParent>Base</CfgParent>
        </BuildConfiguration>
        <BuildConfiguration Include="Debug">
            <Key>Cfg_2</Key>
            <CfgParent>Base</CfgParent>
        </BuildConfiguration>
    </ItemGroup>
    <Import Condition="Exists('$(BDS)\Bin\CodeGear.Delphi.Targets')" Project="$(BDS)\Bin\CodeGear.Delphi.Targets"/>
    <Import Condition="Exists('$(APPDATA)\Embarcadero\$(BDSAPPDATABASEDIR)\$(PRODUCTVERSION)\UserTools.proj')" Project="$(APPDATA)\Embarcadero\$(BDSAPPDATABASEDIR)\$(PRODUCTVERSION)\UserTools.proj"/>
    <ProjectExtensions>
        <Borland.Personality>Delphi.Personality.12</Borland.Personality>
        <Borland.ProjectType>VCLApplication</Borland.ProjectType>
        <BorlandProject>
            <Delphi.Personality>
                <Source>
                    <Source Name="MainSource">DDevExtensionsReg.dpr</Source>
                </Source>
                <Parameters/>
                <VersionInfo>
                    <VersionInfo Name="IncludeVerInfo">False</VersionInfo>
                    <VersionInfo Name="AutoIncBuild">False</VersionInfo>
                    <VersionInfo Name="MajorVer">2</VersionInfo>
                    <VersionInfo Name="MinorVer">5</VersionInfo>
                    <VersionInfo Name="Release">0</VersionInfo>
                    <VersionInfo Name="Build">95</VersionInfo>
                    <VersionInfo Name="Debug">False</VersionInfo>
                    <VersionInfo Name="PreRelease">False</VersionInfo>
                    <VersionInfo Name="Special">False</VersionInfo>
                    <VersionInfo Name="Private">False</VersionInfo>
                    <VersionInfo Name="DLL">False</VersionInfo>
                    <VersionInfo Name="Locale">1031</VersionInfo>
                    <VersionInfo Name="CodePage">1252</VersionInfo>
                </VersionInfo>
                <VersionInfoKeys>
                    <VersionInfoKeys Name="CompanyName">Andreas Hausladen</VersionInfoKeys>
                    <VersionInfoKeys Name="FileDescription"/>
                    <VersionInfoKeys Name="FileVersion">2.5.0.95</VersionInfoKeys>
                    <VersionInfoKeys Name="InternalName"/>
                    <VersionInfoKeys Name="LegalCopyright">(C) 2006-2011 Andreas Hausladen</VersionInfoKeys>
                    <VersionInfoKeys Name="LegalTrademarks"/>
                    <VersionInfoKeys Name="OriginalFilename"/>
                    <VersionInfoKeys Name="ProductName">DDevExtensions</VersionInfoKeys>
                    <VersionInfoKeys Name="ProductVersion">2.5</VersionInfoKeys>
                    <VersionInfoKeys Name="Comments"/>
                </VersionInfoKeys>
                <Excluded_Packages>
                    <Excluded_Packages Name="$(BDSBIN)\dcloffice2k290.bpl">Microsoft Office 2000 Beispiele für gekapselte Komponenten für Automatisierungsserver</Excluded_Packages>
                    <Excluded_Packages Name="$(BDSBIN)\dclofficexp290.bpl">Microsoft Office XP Beispiele für gekapselte Komponenten für Automation Server</Excluded_Packages>
                </Excluded_Packages>
            </Delphi.Personality>
            <Platforms>
                <Platform value="Win32">True</Platform>
                <Platform value="Win64">False</Platform>
            </Platforms>
        </BorlandProject>
        <ProjectFileVersion>12</ProjectFileVersion>
    </ProjectExtensions>
</Project>
